
Microsoft Visual Studio Solution File, Format Version 12.00
# Visual Studio Version 17
VisualStudioVersion = 17.5.2.0
MinimumVisualStudioVersion = 10.0.40219.1
Project("{FAE04EC0-301F-11D3-BF4B-00C04F79EFBC}") = "KaizenLang.App", "src\KaizenLang.App\KaizenLang.App.csproj", "{D3F14CB1-1FC5-EB16-8BB0-3A3CF0DCA1DE}"
EndProject
Project("{2150E333-8FDC-42A3-9474-1A3956D46DE8}") = "src", "src", "{827E0CD3-B72D-47B6-A68D-7590B98EB39B}"
EndProject
Project("{FAE04EC0-301F-11D3-BF4B-00C04F79EFBC}") = "KaizenLang.UI", "src\KaizenLang.UI\KaizenLang.UI.csproj", "{50C1D253-66FA-4271-B03B-CE4CA2DB45B5}"
EndProject
Project("{FAE04EC0-301F-11D3-BF4B-00C04F79EFBC}") = "KaizenLang.Core", "src\KaizenLang.Core\KaizenLang.Core.csproj", "{E26CB327-50BD-4398-99C6-FDB791D12C03}"
EndProject
Global
	GlobalSection(SolutionConfigurationPlatforms) = preSolution
		Debug|Any CPU = Debug|Any CPU
		Debug|x64 = Debug|x64
		Debug|x86 = Debug|x86
		Release|Any CPU = Release|Any CPU
		Release|x64 = Release|x64
		Release|x86 = Release|x86
	EndGlobalSection
	GlobalSection(ProjectConfigurationPlatforms) = postSolution
		{D3F14CB1-1FC5-EB16-8BB0-3A3CF0DCA1DE}.Debug|Any CPU.ActiveCfg = Debug|Any CPU
		{D3F14CB1-1FC5-EB16-8BB0-3A3CF0DCA1DE}.Debug|Any CPU.Build.0 = Debug|Any CPU
		{D3F14CB1-1FC5-EB16-8BB0-3A3CF0DCA1DE}.Debug|x64.ActiveCfg = Debug|Any CPU
		{D3F14CB1-1FC5-EB16-8BB0-3A3CF0DCA1DE}.Debug|x64.Build.0 = Debug|Any CPU
		{D3F14CB1-1FC5-EB16-8BB0-3A3CF0DCA1DE}.Debug|x86.ActiveCfg = Debug|Any CPU
		{D3F14CB1-1FC5-EB16-8BB0-3A3CF0DCA1DE}.Debug|x86.Build.0 = Debug|Any CPU
		{D3F14CB1-1FC5-EB16-8BB0-3A3CF0DCA1DE}.Release|Any CPU.ActiveCfg = Release|Any CPU
		{D3F14CB1-1FC5-EB16-8BB0-3A3CF0DCA1DE}.Release|Any CPU.Build.0 = Release|Any CPU
		{D3F14CB1-1FC5-EB16-8BB0-3A3CF0DCA1DE}.Release|x64.ActiveCfg = Release|Any CPU
		{D3F14CB1-1FC5-EB16-8BB0-3A3CF0DCA1DE}.Release|x64.Build.0 = Release|Any CPU
		{D3F14CB1-1FC5-EB16-8BB0-3A3CF0DCA1DE}.Release|x86.ActiveCfg = Release|Any CPU
		{D3F14CB1-1FC5-EB16-8BB0-3A3CF0DCA1DE}.Release|x86.Build.0 = Release|Any CPU
		{50C1D253-66FA-4271-B03B-CE4CA2DB45B5}.Debug|Any CPU.ActiveCfg = Debug|Any CPU
		{50C1D253-66FA-4271-B03B-CE4CA2DB45B5}.Debug|Any CPU.Build.0 = Debug|Any CPU
		{50C1D253-66FA-4271-B03B-CE4CA2DB45B5}.Debug|x64.ActiveCfg = Debug|Any CPU
		{50C1D253-66FA-4271-B03B-CE4CA2DB45B5}.Debug|x64.Build.0 = Debug|Any CPU
		{50C1D253-66FA-4271-B03B-CE4CA2DB45B5}.Debug|x86.ActiveCfg = Debug|Any CPU
		{50C1D253-66FA-4271-B03B-CE4CA2DB45B5}.Debug|x86.Build.0 = Debug|Any CPU
		{50C1D253-66FA-4271-B03B-CE4CA2DB45B5}.Release|Any CPU.ActiveCfg = Release|Any CPU
		{50C1D253-66FA-4271-B03B-CE4CA2DB45B5}.Release|Any CPU.Build.0 = Release|Any CPU
		{50C1D253-66FA-4271-B03B-CE4CA2DB45B5}.Release|x64.ActiveCfg = Release|Any CPU
		{50C1D253-66FA-4271-B03B-CE4CA2DB45B5}.Release|x64.Build.0 = Release|Any CPU
		{50C1D253-66FA-4271-B03B-CE4CA2DB45B5}.Release|x86.ActiveCfg = Release|Any CPU
		{50C1D253-66FA-4271-B03B-CE4CA2DB45B5}.Release|x86.Build.0 = Release|Any CPU
		{E26CB327-50BD-4398-99C6-FDB791D12C03}.Debug|Any CPU.ActiveCfg = Debug|Any CPU
		{E26CB327-50BD-4398-99C6-FDB791D12C03}.Debug|Any CPU.Build.0 = Debug|Any CPU
		{E26CB327-50BD-4398-99C6-FDB791D12C03}.Debug|x64.ActiveCfg = Debug|Any CPU
		{E26CB327-50BD-4398-99C6-FDB791D12C03}.Debug|x64.Build.0 = Debug|Any CPU
		{E26CB327-50BD-4398-99C6-FDB791D12C03}.Debug|x86.ActiveCfg = Debug|Any CPU
		{E26CB327-50BD-4398-99C6-FDB791D12C03}.Debug|x86.Build.0 = Debug|Any CPU
		{E26CB327-50BD-4398-99C6-FDB791D12C03}.Release|Any CPU.ActiveCfg = Release|Any CPU
		{E26CB327-50BD-4398-99C6-FDB791D12C03}.Release|Any CPU.Build.0 = Release|Any CPU
		{E26CB327-50BD-4398-99C6-FDB791D12C03}.Release|x64.ActiveCfg = Release|Any CPU
		{E26CB327-50BD-4398-99C6-FDB791D12C03}.Release|x64.Build.0 = Release|Any CPU
		{E26CB327-50BD-4398-99C6-FDB791D12C03}.Release|x86.ActiveCfg = Release|Any CPU
		{E26CB327-50BD-4398-99C6-FDB791D12C03}.Release|x86.Build.0 = Release|Any CPU
	EndGlobalSection
	GlobalSection(SolutionProperties) = preSolution
		HideSolutionNode = FALSE
	EndGlobalSection
	GlobalSection(NestedProjects) = preSolution
		{50C1D253-66FA-4271-B03B-CE4CA2DB45B5} = {827E0CD3-B72D-47B6-A68D-7590B98EB39B}
		{E26CB327-50BD-4398-99C6-FDB791D12C03} = {827E0CD3-B72D-47B6-A68D-7590B98EB39B}
		{D3F14CB1-1FC5-EB16-8BB0-3A3CF0DCA1DE} = {827E0CD3-B72D-47B6-A68D-7590B98EB39B}
	EndGlobalSection
	GlobalSection(ExtensibilityGlobals) = postSolution
		SolutionGuid = {E1EF28ED-E0CC-4E1C-B747-DBB224AABCEA}
	EndGlobalSection
EndGlobal
